
Microsoft Visual Studio Solution File, Format Version 12.00
# Visual Studio Version 17
VisualStudioVersion = 17.3.32901.215
MinimumVisualStudioVersion = 10.0.40219.1
Project("{FAE04EC0-301F-11D3-BF4B-00C04F79EFBC}") = "LR8.2", "LR8.2\LR8.2.csproj", "{D0B3DD1A-B735-43D1-8E27-E56250CE4787}"
EndProject
Project("{FAE04EC0-301F-11D3-BF4B-00C04F79EFBC}") = "LR8.2Test", "LR8.2Test\LR8.2Test.csproj", "{35A69714-1520-43AD-A716-02F2788FC05E}"
EndProject
Global
	GlobalSection(SolutionConfigurationPlatforms) = preSolution
		Debug|Any CPU = Debug|Any CPU
		Release|Any CPU = Release|Any CPU
	EndGlobalSection
	GlobalSection(ProjectConfigurationPlatforms) = postSolution
		{D0B3DD1A-B735-43D1-8E27-E56250CE4787}.Debug|Any CPU.ActiveCfg = Debug|Any CPU
		{D0B3DD1A-B735-43D1-8E27-E56250CE4787}.Debug|Any CPU.Build.0 = Debug|Any CPU
		{D0B3DD1A-B735-43D1-8E27-E56250CE4787}.Release|Any CPU.ActiveCfg = Release|Any CPU
		{D0B3DD1A-B735-43D1-8E27-E56250CE4787}.Release|Any CPU.Build.0 = Release|Any CPU
		{35A69714-1520-43AD-A716-02F2788FC05E}.Debug|Any CPU.ActiveCfg = Debug|Any CPU
		{35A69714-1520-43AD-A716-02F2788FC05E}.Debug|Any CPU.Build.0 = Debug|Any CPU
		{35A69714-1520-43AD-A716-02F2788FC05E}.Release|Any CPU.ActiveCfg = Release|Any CPU
		{35A69714-1520-43AD-A716-02F2788FC05E}.Release|Any CPU.Build.0 = Release|Any CPU
	EndGlobalSection
	GlobalSection(SolutionProperties) = preSolution
		HideSolutionNode = FALSE
	EndGlobalSection
	GlobalSection(ExtensibilityGlobals) = postSolution
		SolutionGuid = {94CA7431-D1F3-4B80-8F23-D8EDB29E1548}
	EndGlobalSection
EndGlobal
